
Microsoft Visual Studio Solution File, Format Version 12.00
# Visual Studio Version 17
VisualStudioVersion = 17.6.33712.159
MinimumVisualStudioVersion = 10.0.40219.1
Project("{9A19103F-16F7-4668-BE54-9A1E7A4F7556}") = "Bootcamp-store-backend", "Bootcamp-store-backend.csproj", "{1C464F3F-CEB0-4347-8292-17F7584E1C09}"
EndProject
Project("{2150E333-8FDC-42A3-9474-1A3956D46DE8}") = "Solution Items", "Solution Items", "{ACDE35B3-AB66-4F31-9FD3-E142D9F027CA}"
	ProjectSection(SolutionItems) = preProject
		.editorconfig = .editorconfig
	EndProjectSection
EndProject
Global
	GlobalSection(SolutionConfigurationPlatforms) = preSolution
		Debug|Any CPU = Debug|Any CPU
		Release|Any CPU = Release|Any CPU
	EndGlobalSection
	GlobalSection(ProjectConfigurationPlatforms) = postSolution
		{1C464F3F-CEB0-4347-8292-17F7584E1C09}.Debug|Any CPU.ActiveCfg = Debug|Any CPU
		{1C464F3F-CEB0-4347-8292-17F7584E1C09}.Debug|Any CPU.Build.0 = Debug|Any CPU
		{1C464F3F-CEB0-4347-8292-17F7584E1C09}.Release|Any CPU.ActiveCfg = Release|Any CPU
		{1C464F3F-CEB0-4347-8292-17F7584E1C09}.Release|Any CPU.Build.0 = Release|Any CPU
	EndGlobalSection
	GlobalSection(SolutionProperties) = preSolution
		HideSolutionNode = FALSE
	EndGlobalSection
	GlobalSection(ExtensibilityGlobals) = postSolution
		SolutionGuid = {FAD29420-BD96-4922-8581-D34840480D8B}
	EndGlobalSection
EndGlobal
